
Microsoft Visual Studio Solution File, Format Version 12.00
# Visual Studio Version 16
VisualStudioVersion = 16.0.30413.136
MinimumVisualStudioVersion = 10.0.40219.1
Project("{8BC9CEB8-8B4A-11D0-8D11-00A0C91BC942}") = "P2A3_Templateklasse_Tracer", "P2A3_Templateklasse_Tracer\P2A3_Templateklasse_Tracer.vcxproj", "{BE018616-1953-4BB6-82E5-945C067010A0}"
EndProject
Global
	GlobalSection(SolutionConfigurationPlatforms) = preSolution
		Debug|x64 = Debug|x64
		Debug|x86 = Debug|x86
		Release|x64 = Release|x64
		Release|x86 = Release|x86
	EndGlobalSection
	GlobalSection(ProjectConfigurationPlatforms) = postSolution
		{BE018616-1953-4BB6-82E5-945C067010A0}.Debug|x64.ActiveCfg = Debug|x64
		{BE018616-1953-4BB6-82E5-945C067010A0}.Debug|x64.Build.0 = Debug|x64
		{BE018616-1953-4BB6-82E5-945C067010A0}.Debug|x86.ActiveCfg = Debug|Win32
		{BE018616-1953-4BB6-82E5-945C067010A0}.Debug|x86.Build.0 = Debug|Win32
		{BE018616-1953-4BB6-82E5-945C067010A0}.Release|x64.ActiveCfg = Release|x64
		{BE018616-1953-4BB6-82E5-945C067010A0}.Release|x64.Build.0 = Release|x64
		{BE018616-1953-4BB6-82E5-945C067010A0}.Release|x86.ActiveCfg = Release|Win32
		{BE018616-1953-4BB6-82E5-945C067010A0}.Release|x86.Build.0 = Release|Win32
	EndGlobalSection
	GlobalSection(SolutionProperties) = preSolution
		HideSolutionNode = FALSE
	EndGlobalSection
	GlobalSection(ExtensibilityGlobals) = postSolution
		SolutionGuid = {6C7EDCC7-726D-4307-9864-ED41BAFE438F}
	EndGlobalSection
EndGlobal
